
Microsoft Visual Studio Solution File, Format Version 12.00
# Visual Studio Version 16
VisualStudioVersion = 16.0.28803.202
MinimumVisualStudioVersion = 10.0.40219.1
Project("{FAE04EC0-301F-11D3-BF4B-00C04F79EFBC}") = "OneUp Table Reservations", "OneUp Table Reservations\OneUp Table Reservations.csproj", "{79AAB6FE-3587-461C-B140-2FD09C3BE095}"
EndProject
Project("{FAE04EC0-301F-11D3-BF4B-00C04F79EFBC}") = "DatabaseManager", "DatabaseManager\DatabaseManager.csproj", "{06E399F7-D49C-48B1-BAC0-996C9262C2FF}"
EndProject
Project("{FAE04EC0-301F-11D3-BF4B-00C04F79EFBC}") = "HelperClasses", "HelperClasses\HelperClasses.csproj", "{5739A6B1-CBB3-44BE-B45C-FDA3EF6015CD}"
EndProject
Global
	GlobalSection(SolutionConfigurationPlatforms) = preSolution
		Debug|Any CPU = Debug|Any CPU
		Debug|x64 = Debug|x64
		Debug|x86 = Debug|x86
		Release|Any CPU = Release|Any CPU
		Release|x64 = Release|x64
		Release|x86 = Release|x86
	EndGlobalSection
	GlobalSection(ProjectConfigurationPlatforms) = postSolution
		{79AAB6FE-3587-461C-B140-2FD09C3BE095}.Debug|Any CPU.ActiveCfg = Debug|Any CPU
		{79AAB6FE-3587-461C-B140-2FD09C3BE095}.Debug|Any CPU.Build.0 = Debug|Any CPU
		{79AAB6FE-3587-461C-B140-2FD09C3BE095}.Debug|x64.ActiveCfg = Debug|Any CPU
		{79AAB6FE-3587-461C-B140-2FD09C3BE095}.Debug|x64.Build.0 = Debug|Any CPU
		{79AAB6FE-3587-461C-B140-2FD09C3BE095}.Debug|x86.ActiveCfg = Debug|Any CPU
		{79AAB6FE-3587-461C-B140-2FD09C3BE095}.Debug|x86.Build.0 = Debug|Any CPU
		{79AAB6FE-3587-461C-B140-2FD09C3BE095}.Release|Any CPU.ActiveCfg = Release|Any CPU
		{79AAB6FE-3587-461C-B140-2FD09C3BE095}.Release|Any CPU.Build.0 = Release|Any CPU
		{79AAB6FE-3587-461C-B140-2FD09C3BE095}.Release|x64.ActiveCfg = Release|Any CPU
		{79AAB6FE-3587-461C-B140-2FD09C3BE095}.Release|x64.Build.0 = Release|Any CPU
		{79AAB6FE-3587-461C-B140-2FD09C3BE095}.Release|x86.ActiveCfg = Release|Any CPU
		{79AAB6FE-3587-461C-B140-2FD09C3BE095}.Release|x86.Build.0 = Release|Any CPU
		{06E399F7-D49C-48B1-BAC0-996C9262C2FF}.Debug|Any CPU.ActiveCfg = Debug|Any CPU
		{06E399F7-D49C-48B1-BAC0-996C9262C2FF}.Debug|Any CPU.Build.0 = Debug|Any CPU
		{06E399F7-D49C-48B1-BAC0-996C9262C2FF}.Debug|x64.ActiveCfg = Debug|Any CPU
		{06E399F7-D49C-48B1-BAC0-996C9262C2FF}.Debug|x64.Build.0 = Debug|Any CPU
		{06E399F7-D49C-48B1-BAC0-996C9262C2FF}.Debug|x86.ActiveCfg = Debug|Any CPU
		{06E399F7-D49C-48B1-BAC0-996C9262C2FF}.Debug|x86.Build.0 = Debug|Any CPU
		{06E399F7-D49C-48B1-BAC0-996C9262C2FF}.Release|Any CPU.ActiveCfg = Release|Any CPU
		{06E399F7-D49C-48B1-BAC0-996C9262C2FF}.Release|Any CPU.Build.0 = Release|Any CPU
		{06E399F7-D49C-48B1-BAC0-996C9262C2FF}.Release|x64.ActiveCfg = Release|Any CPU
		{06E399F7-D49C-48B1-BAC0-996C9262C2FF}.Release|x64.Build.0 = Release|Any CPU
		{06E399F7-D49C-48B1-BAC0-996C9262C2FF}.Release|x86.ActiveCfg = Release|Any CPU
		{06E399F7-D49C-48B1-BAC0-996C9262C2FF}.Release|x86.Build.0 = Release|Any CPU
		{5739A6B1-CBB3-44BE-B45C-FDA3EF6015CD}.Debug|Any CPU.ActiveCfg = Debug|Any CPU
		{5739A6B1-CBB3-44BE-B45C-FDA3EF6015CD}.Debug|Any CPU.Build.0 = Debug|Any CPU
		{5739A6B1-CBB3-44BE-B45C-FDA3EF6015CD}.Debug|x64.ActiveCfg = Debug|Any CPU
		{5739A6B1-CBB3-44BE-B45C-FDA3EF6015CD}.Debug|x64.Build.0 = Debug|Any CPU
		{5739A6B1-CBB3-44BE-B45C-FDA3EF6015CD}.Debug|x86.ActiveCfg = Debug|Any CPU
		{5739A6B1-CBB3-44BE-B45C-FDA3EF6015CD}.Debug|x86.Build.0 = Debug|Any CPU
		{5739A6B1-CBB3-44BE-B45C-FDA3EF6015CD}.Release|Any CPU.ActiveCfg = Release|Any CPU
		{5739A6B1-CBB3-44BE-B45C-FDA3EF6015CD}.Release|Any CPU.Build.0 = Release|Any CPU
		{5739A6B1-CBB3-44BE-B45C-FDA3EF6015CD}.Release|x64.ActiveCfg = Release|Any CPU
		{5739A6B1-CBB3-44BE-B45C-FDA3EF6015CD}.Release|x64.Build.0 = Release|Any CPU
		{5739A6B1-CBB3-44BE-B45C-FDA3EF6015CD}.Release|x86.ActiveCfg = Release|Any CPU
		{5739A6B1-CBB3-44BE-B45C-FDA3EF6015CD}.Release|x86.Build.0 = Release|Any CPU
	EndGlobalSection
	GlobalSection(SolutionProperties) = preSolution
		HideSolutionNode = FALSE
	EndGlobalSection
	GlobalSection(ExtensibilityGlobals) = postSolution
		SolutionGuid = {EA829616-E1C4-4C69-BBA0-D0BD847D5DDE}
	EndGlobalSection
EndGlobal
